
Microsoft Visual Studio Solution File, Format Version 12.00
# Visual Studio 15
VisualStudioVersion = 15.0.27130.0
MinimumVisualStudioVersion = 10.0.40219.1
Project("{FAE04EC0-301F-11D3-BF4B-00C04F79EFBC}") = "TwEX_Console", "TwEX_Console\TwEX_Console.csproj", "{0C6DA786-F1E3-42C7-AFA1-194E13DC2BBF}"
EndProject
Global
	GlobalSection(SolutionConfigurationPlatforms) = preSolution
		Debug|Any CPU = Debug|Any CPU
		Release|Any CPU = Release|Any CPU
	EndGlobalSection
	GlobalSection(ProjectConfigurationPlatforms) = postSolution
		{0C6DA786-F1E3-42C7-AFA1-194E13DC2BBF}.Debug|Any CPU.ActiveCfg = Debug|Any CPU
		{0C6DA786-F1E3-42C7-AFA1-194E13DC2BBF}.Debug|Any CPU.Build.0 = Debug|Any CPU
		{0C6DA786-F1E3-42C7-AFA1-194E13DC2BBF}.Release|Any CPU.ActiveCfg = Release|Any CPU
		{0C6DA786-F1E3-42C7-AFA1-194E13DC2BBF}.Release|Any CPU.Build.0 = Release|Any CPU
	EndGlobalSection
	GlobalSection(SolutionProperties) = preSolution
		HideSolutionNode = FALSE
	EndGlobalSection
	GlobalSection(ExtensibilityGlobals) = postSolution
		SolutionGuid = {F4F10015-8F6C-4D21-A78B-B3B7EC2E7DBC}
	EndGlobalSection
EndGlobal
