
Microsoft Visual Studio Solution File, Format Version 12.00
# Visual Studio 15
VisualStudioVersion = 15.0.27004.2009
MinimumVisualStudioVersion = 10.0.40219.1
Project("{D954291E-2A0B-460D-934E-DC6B0785DB48}") = "TwEX_Core", "TwEX_Core\TwEX_Core.shproj", "{21111D50-4DAE-4268-8D8C-7562D0D4DE7B}"
EndProject
Global
	GlobalSection(SharedMSBuildProjectFiles) = preSolution
		TwEX_Core\TwEX_Core.projitems*{21111d50-4dae-4268-8d8c-7562d0d4de7b}*SharedItemsImports = 13
	EndGlobalSection
	GlobalSection(SolutionProperties) = preSolution
		HideSolutionNode = FALSE
	EndGlobalSection
	GlobalSection(ExtensibilityGlobals) = postSolution
		SolutionGuid = {EBC980DF-CEAB-4A44-A038-9B31C1D36D25}
	EndGlobalSection
EndGlobal
